
Microsoft Visual Studio Solution File, Format Version 12.00
# Visual Studio Version 17
VisualStudioVersion = 17.4.33205.214
MinimumVisualStudioVersion = 10.0.40219.1
Project("{FAE04EC0-301F-11D3-BF4B-00C04F79EFBC}") = "Generics Practica", "Generics Practica\Generics Practica.csproj", "{5FC1C45E-5FF1-4B49-A32F-31032CBD55C6}"
EndProject
Global
	GlobalSection(SolutionConfigurationPlatforms) = preSolution
		Debug|Any CPU = Debug|Any CPU
		Release|Any CPU = Release|Any CPU
	EndGlobalSection
	GlobalSection(ProjectConfigurationPlatforms) = postSolution
		{5FC1C45E-5FF1-4B49-A32F-31032CBD55C6}.Debug|Any CPU.ActiveCfg = Debug|Any CPU
		{5FC1C45E-5FF1-4B49-A32F-31032CBD55C6}.Debug|Any CPU.Build.0 = Debug|Any CPU
		{5FC1C45E-5FF1-4B49-A32F-31032CBD55C6}.Release|Any CPU.ActiveCfg = Release|Any CPU
		{5FC1C45E-5FF1-4B49-A32F-31032CBD55C6}.Release|Any CPU.Build.0 = Release|Any CPU
	EndGlobalSection
	GlobalSection(SolutionProperties) = preSolution
		HideSolutionNode = FALSE
	EndGlobalSection
	GlobalSection(ExtensibilityGlobals) = postSolution
		SolutionGuid = {B9F14049-1B29-4CDF-8425-5C8FE6386D1F}
	EndGlobalSection
EndGlobal
